
Microsoft Visual Studio Solution File, Format Version 12.00
# Visual Studio Version 17
VisualStudioVersion = 17.2.32630.192
MinimumVisualStudioVersion = 10.0.40219.1
Project("{9A19103F-16F7-4668-BE54-9A1E7A4F7556}") = "CoE_Challenge_2", "CoE_Challenge_2.csproj", "{F502FCF4-C1D6-4066-8601-48F87A624131}"
EndProject
Global
	GlobalSection(SolutionConfigurationPlatforms) = preSolution
		Debug|Any CPU = Debug|Any CPU
		Release|Any CPU = Release|Any CPU
	EndGlobalSection
	GlobalSection(ProjectConfigurationPlatforms) = postSolution
		{F502FCF4-C1D6-4066-8601-48F87A624131}.Debug|Any CPU.ActiveCfg = Debug|Any CPU
		{F502FCF4-C1D6-4066-8601-48F87A624131}.Debug|Any CPU.Build.0 = Debug|Any CPU
		{F502FCF4-C1D6-4066-8601-48F87A624131}.Release|Any CPU.ActiveCfg = Release|Any CPU
		{F502FCF4-C1D6-4066-8601-48F87A624131}.Release|Any CPU.Build.0 = Release|Any CPU
	EndGlobalSection
	GlobalSection(SolutionProperties) = preSolution
		HideSolutionNode = FALSE
	EndGlobalSection
	GlobalSection(ExtensibilityGlobals) = postSolution
		SolutionGuid = {43832293-2A97-49BE-9B51-B65B4E040E62}
	EndGlobalSection
EndGlobal
